<?xml version="1.0" encoding="utf-8"?>
<Project ToolsVersion="4.0" xmlns="http://schemas.microsoft.com/developer/msbuild/2003">
  <ItemGroup>
    <Filter Include="Source Files">
      <UniqueIdentifier>{4FC737F1-C7A5-4376-A066-2A32D752A2FF}</UniqueIdentifier>
      <Extensions>cpp;c;cc;cxx;c++;cppm;ixx;def;odl;idl;hpj;bat;asm;asmx</Extensions>
    </Filter>
    <Filter Include="Header Files">
      <UniqueIdentifier>{93995380-89BD-4b04-88EB-625FBE52EBFB}</UniqueIdentifier>
      <Extensions>h;hh;hpp;hxx;h++;hm;inl;inc;ipp;xsd</Extensions>
    </Filter>
    <Filter Include="Resource Files">
      <UniqueIdentifier>{67DA6AB6-F800-4c08-8B7A-83BB121AAD01}</UniqueIdentifier>
      <Extensions>rc;ico;cur;bmp;dlg;rc2;rct;bin;rgs;gif;jpg;jpeg;jpe;resx;tiff;tif;png;wav;mfcribbon-ms</Extensions>
    </Filter>
    <Filter Include="Source Files\fs">
      <UniqueIdentifier>{ae185989-4c97-49ce-bfe5-6648f7cdc907}</UniqueIdentifier>
    </Filter>
    <Filter Include="Source Files\linter">
      <UniqueIdentifier>{838619d7-dacf-4f0e-bf11-8869072f34e5}</UniqueIdentifier>
    </Filter>
    <Filter Include="Source Files\linter\expressions">
      <UniqueIdentifier>{d3a66823-3d53-47d5-9cbd-543a244c3f5e}</UniqueIdentifier>
    </Filter>
    <Filter Include="Source Files\instructions">
      <UniqueIdentifier>{d1226f5d-a6b5-4e38-86e2-52391939faba}</UniqueIdentifier>
    </Filter>
    <Filter Include="Source Files\scripts">
      <UniqueIdentifier>{6dcf0874-a30a-4c73-a78d-f3bfdbf31bdd}</UniqueIdentifier>
    </Filter>
    <Filter Include="Source Files\linter\declarations">
      <UniqueIdentifier>{4fcd4054-a33c-4c8a-98a2-ed0335f926b6}</UniqueIdentifier>
    </Filter>
    <Filter Include="Source Files\runtime">
      <UniqueIdentifier>{80e81dd4-0f03-40c5-84a3-f3ca3754c5fb}</UniqueIdentifier>
    </Filter>
  </ItemGroup>
  <ItemGroup>
    <ClCompile Include="main.cpp">
      <Filter>Source Files</Filter>
    </ClCompile>
    <ClCompile Include="fs\fs_globals.cpp">
      <Filter>Source Files\fs</Filter>
    </ClCompile>
    <ClCompile Include="fs\fs_io.cpp">
      <Filter>Source Files\fs</Filter>
    </ClCompile>
    <ClCompile Include="linter\tokenizer.cpp">
      <Filter>Source Files\linter</Filter>
    </ClCompile>
    <ClCompile Include="linter\token.cpp">
      <Filter>Source Files\linter</Filter>
    </ClCompile>
    <ClCompile Include="linter\expressions\unary.cpp">
      <Filter>Source Files\linter\expressions</Filter>
    </ClCompile>
    <ClCompile Include="linter\expressions\expression.cpp">
      <Filter>Source Files\linter\expressions</Filter>
    </ClCompile>
    <ClCompile Include="linter\expressions\postfix.cpp">
      <Filter>Source Files\linter\expressions</Filter>
    </ClCompile>
    <ClCompile Include="linter\expressions\identifier.cpp">
      <Filter>Source Files\linter\expressions</Filter>
    </ClCompile>
    <ClCompile Include="linter\expressions\operator.cpp">
      <Filter>Source Files\linter\expressions</Filter>
    </ClCompile>
    <ClCompile Include="linter\expressions\operand.cpp">
      <Filter>Source Files\linter\expressions</Filter>
    </ClCompile>
    <ClCompile Include="linter\error.cpp">
      <Filter>Source Files\linter</Filter>
    </ClCompile>
    <ClCompile Include="linter\expressions\sub_expression.cpp">
      <Filter>Source Files\linter\expressions</Filter>
    </ClCompile>
    <ClCompile Include="linter\expressions\ast.cpp">
      <Filter>Source Files\linter\expressions</Filter>
    </ClCompile>
    <ClCompile Include="linter\expressions\ast2instruction.cpp">
      <Filter>Source Files\linter\expressions</Filter>
    </ClCompile>
    <ClCompile Include="linter\declarations\variable_declarations.cpp">
      <Filter>Source Files\linter\declarations</Filter>
    </ClCompile>
    <ClCompile Include="linter\declarations\stack.cpp">
      <Filter>Source Files\linter\declarations</Filter>
    </ClCompile>
    <ClCompile Include="linter\linter.cpp">
      <Filter>Source Files\linter</Filter>
    </ClCompile>
    <ClCompile Include="linter\expressions\ast_registers.cpp">
      <Filter>Source Files\linter\expressions</Filter>
    </ClCompile>
    <ClCompile Include="runtime\structure.cpp">
      <Filter>Source Files\runtime</Filter>
    </ClCompile>
    <ClCompile Include="linter\expressions\expression_context.cpp">
      <Filter>Source Files\linter\expressions</Filter>
    </ClCompile>
  </ItemGroup>
  <ItemGroup>
    <ClInclude Include="fs\fs_io.hpp">
      <Filter>Source Files\fs</Filter>
    </ClInclude>
    <ClInclude Include="fs\fs_globals.hpp">
      <Filter>Source Files\fs</Filter>
    </ClInclude>
    <ClInclude Include="linter\tokenizer.hpp">
      <Filter>Source Files\linter</Filter>
    </ClInclude>
    <ClInclude Include="globalEnums.hpp">
      <Filter>Header Files</Filter>
    </ClInclude>
    <ClInclude Include="linter\token.hpp">
      <Filter>Source Files\linter</Filter>
    </ClInclude>
    <ClInclude Include="linter\punctuation.hpp">
      <Filter>Source Files\linter</Filter>
    </ClInclude>
    <ClInclude Include="linter\expressions\postfix.hpp">
      <Filter>Source Files\linter\expressions</Filter>
    </ClInclude>
    <ClInclude Include="linter\expressions\unary.hpp">
      <Filter>Source Files\linter\expressions</Filter>
    </ClInclude>
    <ClInclude Include="linter\expressions\expression.hpp">
      <Filter>Source Files\linter\expressions</Filter>
    </ClInclude>
    <ClInclude Include="linter\expressions\definitions.hpp">
      <Filter>Source Files\linter\expressions</Filter>
    </ClInclude>
    <ClInclude Include="linter\error.hpp">
      <Filter>Source Files\linter</Filter>
    </ClInclude>
    <ClInclude Include="linter\expressions\identifier.hpp">
      <Filter>Source Files\linter\expressions</Filter>
    </ClInclude>
    <ClInclude Include="linter\expressions\operator.hpp">
      <Filter>Source Files\linter\expressions</Filter>
    </ClInclude>
    <ClInclude Include="linter\expressions\operand.hpp">
      <Filter>Source Files\linter\expressions</Filter>
    </ClInclude>
    <ClInclude Include="linter\expressions\sub_expression.hpp">
      <Filter>Source Files\linter\expressions</Filter>
    </ClInclude>
    <ClInclude Include="instructions\instructions.hpp">
      <Filter>Source Files\instructions</Filter>
    </ClInclude>
    <ClInclude Include="instructions\register.hpp">
      <Filter>Source Files\instructions</Filter>
    </ClInclude>
    <ClInclude Include="instructions\operand.hpp">
      <Filter>Source Files\instructions</Filter>
    </ClInclude>
    <ClInclude Include="linter\expressions\ast.hpp">
      <Filter>Source Files\linter\expressions</Filter>
    </ClInclude>
    <ClInclude Include="linter\expressions\ast2instruction.hpp">
      <Filter>Source Files\linter\expressions</Filter>
    </ClInclude>
    <ClInclude Include="linter\declarations\variable_declarations.hpp">
      <Filter>Source Files\linter\declarations</Filter>
    </ClInclude>
    <ClInclude Include="linter\declarations\stack.hpp">
      <Filter>Source Files\linter\declarations</Filter>
    </ClInclude>
    <ClInclude Include="globalDefinitions.hpp">
      <Filter>Header Files</Filter>
    </ClInclude>
    <ClInclude Include="linter\linter.hpp">
      <Filter>Source Files\linter</Filter>
    </ClInclude>
    <ClInclude Include="linter\expressions\ast_registers.hpp">
      <Filter>Source Files\linter\expressions</Filter>
    </ClInclude>
    <ClInclude Include="runtime\structure.hpp">
      <Filter>Source Files\runtime</Filter>
    </ClInclude>
    <ClInclude Include="linter\expressions\expression_context.hpp">
      <Filter>Source Files\linter\expressions</Filter>
    </ClInclude>
  </ItemGroup>
  <ItemGroup>
    <None Include="x64\Debug\scripts\script.var">
      <Filter>Source Files\scripts</Filter>
    </None>
  </ItemGroup>
</Project>