<?xml version="1.0" encoding="utf-8"?>
<Project ToolsVersion="4.0" xmlns="http://schemas.microsoft.com/developer/msbuild/2003">
  <ItemGroup>
    <Filter Include="Source Files">
      <UniqueIdentifier>{4FC737F1-C7A5-4376-A066-2A32D752A2FF}</UniqueIdentifier>
      <Extensions>cpp;c;cc;cxx;c++;cppm;ixx;def;odl;idl;hpj;bat;asm;asmx</Extensions>
    </Filter>
    <Filter Include="Header Files">
      <UniqueIdentifier>{93995380-89BD-4b04-88EB-625FBE52EBFB}</UniqueIdentifier>
      <Extensions>h;hh;hpp;hxx;h++;hm;inl;inc;ipp;xsd</Extensions>
    </Filter>
    <Filter Include="Resource Files">
      <UniqueIdentifier>{67DA6AB6-F800-4c08-8B7A-83BB121AAD01}</UniqueIdentifier>
      <Extensions>rc;ico;cur;bmp;dlg;rc2;rct;bin;rgs;gif;jpg;jpeg;jpe;resx;tiff;tif;png;wav;mfcribbon-ms</Extensions>
    </Filter>
    <Filter Include="Source Files\fs">
      <UniqueIdentifier>{ae185989-4c97-49ce-bfe5-6648f7cdc907}</UniqueIdentifier>
    </Filter>
    <Filter Include="Source Files\linter">
      <UniqueIdentifier>{838619d7-dacf-4f0e-bf11-8869072f34e5}</UniqueIdentifier>
    </Filter>
    <Filter Include="Source Files\linter\expressions">
      <UniqueIdentifier>{d3a66823-3d53-47d5-9cbd-543a244c3f5e}</UniqueIdentifier>
    </Filter>
    <Filter Include="Source Files\scripts">
      <UniqueIdentifier>{6dcf0874-a30a-4c73-a78d-f3bfdbf31bdd}</UniqueIdentifier>
    </Filter>
    <Filter Include="Source Files\linter\declarations">
      <UniqueIdentifier>{4fcd4054-a33c-4c8a-98a2-ed0335f926b6}</UniqueIdentifier>
    </Filter>
    <Filter Include="Source Files\runtime">
      <UniqueIdentifier>{80e81dd4-0f03-40c5-84a3-f3ca3754c5fb}</UniqueIdentifier>
    </Filter>
    <Filter Include="Source Files\linter\functions">
      <UniqueIdentifier>{cf34ab4d-733c-4b26-87fb-17e5d48c557e}</UniqueIdentifier>
    </Filter>
    <Filter Include="Source Files\linter\scopes">
      <UniqueIdentifier>{3be75782-68e9-4c70-9b39-80d015a0f50e}</UniqueIdentifier>
    </Filter>
    <Filter Include="Source Files\runtime\functions">
      <UniqueIdentifier>{f33e1285-68bd-41d7-8f6f-72bb6a9bfe06}</UniqueIdentifier>
    </Filter>
    <Filter Include="Source Files\runtime\values">
      <UniqueIdentifier>{ac7287ce-11d4-4968-b433-1f5f3fce104c}</UniqueIdentifier>
    </Filter>
    <Filter Include="Source Files\runtime\pools">
      <UniqueIdentifier>{a5f58aec-f5d0-4bc1-8cc4-ff5225ef5c76}</UniqueIdentifier>
    </Filter>
    <Filter Include="Source Files\runtime\expressions">
      <UniqueIdentifier>{4f814a44-89e8-4cb3-b73c-8b17d200328a}</UniqueIdentifier>
    </Filter>
    <Filter Include="Source Files\linter\global">
      <UniqueIdentifier>{3256f2e6-8cce-4b9b-9b2a-0a449cc4cfa4}</UniqueIdentifier>
    </Filter>
    <Filter Include="Source Files\runtime\values\types">
      <UniqueIdentifier>{99ecbf56-df27-4306-afb4-b4a8908f46b0}</UniqueIdentifier>
    </Filter>
    <Filter Include="Source Files\linter\statements">
      <UniqueIdentifier>{fff71a46-03d7-4b12-8573-c5b2dbe8ca21}</UniqueIdentifier>
    </Filter>
    <Filter Include="Source Files\linter\statements\while">
      <UniqueIdentifier>{f20b1bc6-c7b2-4d57-b022-db367c5316c2}</UniqueIdentifier>
    </Filter>
    <Filter Include="Source Files\runtime\statements">
      <UniqueIdentifier>{eff92f1e-978f-4871-9363-6c3b6370416d}</UniqueIdentifier>
    </Filter>
    <Filter Include="Source Files\runtime\statements\while">
      <UniqueIdentifier>{f17a6950-7ca4-49f3-a196-8a6996323662}</UniqueIdentifier>
    </Filter>
    <Filter Include="Source Files\linter\statements\if">
      <UniqueIdentifier>{a989db4f-39d2-4b78-8211-038df295e7e4}</UniqueIdentifier>
    </Filter>
    <Filter Include="Source Files\runtime\statements\conditional">
      <UniqueIdentifier>{456f2338-d2c2-4a5d-8bfc-dbe756e64c05}</UniqueIdentifier>
    </Filter>
    <Filter Include="Source Files\runtime\exceptions">
      <UniqueIdentifier>{b59d97a6-c267-49e6-ac2e-093e8c20de79}</UniqueIdentifier>
    </Filter>
    <Filter Include="Source Files\linter\statements\return">
      <UniqueIdentifier>{c07f49f6-21a3-4851-8bd7-11f304123930}</UniqueIdentifier>
    </Filter>
    <Filter Include="Source Files\runtime\statements\return">
      <UniqueIdentifier>{a0aa3984-892f-49cb-97c3-a06cda6a320d}</UniqueIdentifier>
    </Filter>
    <Filter Include="Source Files\runtime\values\types\internal">
      <UniqueIdentifier>{874474f2-7b81-4911-aebb-eca6aa360af6}</UniqueIdentifier>
    </Filter>
    <Filter Include="Source Files\linter\expressions\operand">
      <UniqueIdentifier>{6490f639-38ae-449d-aa3e-2dd1fe8d5a5c}</UniqueIdentifier>
    </Filter>
    <Filter Include="Source Files\runtime\values\types\array_internal">
      <UniqueIdentifier>{fbadf844-911b-4c9e-aab0-b036758eb133}</UniqueIdentifier>
    </Filter>
    <Filter Include="Source Files\tests">
      <UniqueIdentifier>{6ed232c2-f729-4c18-8556-9b01c5253dd0}</UniqueIdentifier>
    </Filter>
    <Filter Include="Source Files\tests\linter">
      <UniqueIdentifier>{227087ee-98d5-441b-a218-5bb714ffe366}</UniqueIdentifier>
    </Filter>
  </ItemGroup>
  <ItemGroup>
    <ClCompile Include="main.cpp">
      <Filter>Source Files</Filter>
    </ClCompile>
    <ClCompile Include="fs\fs_globals.cpp">
      <Filter>Source Files\fs</Filter>
    </ClCompile>
    <ClCompile Include="fs\fs_io.cpp">
      <Filter>Source Files\fs</Filter>
    </ClCompile>
    <ClCompile Include="linter\expressions\unary.cpp">
      <Filter>Source Files\linter\expressions</Filter>
    </ClCompile>
    <ClCompile Include="linter\expressions\expression.cpp">
      <Filter>Source Files\linter\expressions</Filter>
    </ClCompile>
    <ClCompile Include="linter\expressions\postfix.cpp">
      <Filter>Source Files\linter\expressions</Filter>
    </ClCompile>
    <ClCompile Include="linter\expressions\identifier.cpp">
      <Filter>Source Files\linter\expressions</Filter>
    </ClCompile>
    <ClCompile Include="linter\expressions\operator.cpp">
      <Filter>Source Files\linter\expressions</Filter>
    </ClCompile>
    <ClCompile Include="linter\expressions\sub_expression.cpp">
      <Filter>Source Files\linter\expressions</Filter>
    </ClCompile>
    <ClCompile Include="linter\expressions\ast.cpp">
      <Filter>Source Files\linter\expressions</Filter>
    </ClCompile>
    <ClCompile Include="linter\declarations\variable_declarations.cpp">
      <Filter>Source Files\linter\declarations</Filter>
    </ClCompile>
    <ClCompile Include="runtime\structure.cpp">
      <Filter>Source Files\runtime</Filter>
    </ClCompile>
    <ClCompile Include="linter\expressions\expression_context.cpp">
      <Filter>Source Files\linter\expressions</Filter>
    </ClCompile>
    <ClCompile Include="linter\functions\function.cpp">
      <Filter>Source Files\linter\functions</Filter>
    </ClCompile>
    <ClCompile Include="linter\scopes\scope.cpp">
      <Filter>Source Files\linter\scopes</Filter>
    </ClCompile>
    <ClCompile Include="runtime\variables.cpp">
      <Filter>Source Files\runtime</Filter>
    </ClCompile>
    <ClCompile Include="runtime\runtime.cpp">
      <Filter>Source Files\runtime</Filter>
    </ClCompile>
    <ClCompile Include="runtime\functions\rtfunction.cpp">
      <Filter>Source Files\runtime\functions</Filter>
    </ClCompile>
    <ClCompile Include="runtime\expressions\rtexpression.cpp">
      <Filter>Source Files\runtime\expressions</Filter>
    </ClCompile>
    <ClCompile Include="linter\error.cpp">
      <Filter>Source Files\linter\global</Filter>
    </ClCompile>
    <ClCompile Include="linter\linter.cpp">
      <Filter>Source Files\linter\global</Filter>
    </ClCompile>
    <ClCompile Include="linter\token.cpp">
      <Filter>Source Files\linter\global</Filter>
    </ClCompile>
    <ClCompile Include="linter\tokenizer.cpp">
      <Filter>Source Files\linter\global</Filter>
    </ClCompile>
    <ClCompile Include="runtime\values\simple_operators.cpp">
      <Filter>Source Files\runtime\values</Filter>
    </ClCompile>
    <ClCompile Include="runtime\values\types\integer.cpp">
      <Filter>Source Files\runtime\values\types</Filter>
    </ClCompile>
    <ClCompile Include="runtime\values\types\simple.cpp">
      <Filter>Source Files\runtime\values\types</Filter>
    </ClCompile>
    <ClCompile Include="runtime\values\types\boolean.cpp">
      <Filter>Source Files\runtime\values\types</Filter>
    </ClCompile>
    <ClCompile Include="runtime\values\types\double.cpp">
      <Filter>Source Files\runtime\values\types</Filter>
    </ClCompile>
    <ClCompile Include="runtime\values\coercion.cpp">
      <Filter>Source Files\runtime\values</Filter>
    </ClCompile>
    <ClCompile Include="linter\statements\while\while.cpp">
      <Filter>Source Files\linter\statements\while</Filter>
    </ClCompile>
    <ClCompile Include="linter\statements\statement.cpp">
      <Filter>Source Files\linter\statements</Filter>
    </ClCompile>
    <ClCompile Include="runtime\statements\while\rtwhile.cpp">
      <Filter>Source Files\runtime\statements\while</Filter>
    </ClCompile>
    <ClCompile Include="linter\statements\if\if.cpp">
      <Filter>Source Files\linter\statements\if</Filter>
    </ClCompile>
    <ClCompile Include="linter\statements\if\else.cpp">
      <Filter>Source Files\linter\statements\if</Filter>
    </ClCompile>
    <ClCompile Include="runtime\statements\conditional\rtconditional.cpp">
      <Filter>Source Files\runtime\statements\conditional</Filter>
    </ClCompile>
    <ClCompile Include="runtime\values\types\string.cpp">
      <Filter>Source Files\runtime\values\types</Filter>
    </ClCompile>
    <ClCompile Include="runtime\expressions\rtpostfix.cpp">
      <Filter>Source Files\runtime\expressions</Filter>
    </ClCompile>
    <ClCompile Include="runtime\values\types\callable.cpp">
      <Filter>Source Files\runtime\values\types</Filter>
    </ClCompile>
    <ClCompile Include="runtime\expressions\rtlist.cpp">
      <Filter>Source Files\runtime\expressions</Filter>
    </ClCompile>
    <ClCompile Include="linter\statements\return\return.cpp">
      <Filter>Source Files\linter\statements\return</Filter>
    </ClCompile>
    <ClCompile Include="runtime\statements\return\rtreturn.cpp">
      <Filter>Source Files\runtime\statements\return</Filter>
    </ClCompile>
    <ClCompile Include="runtime\values\types\array.cpp">
      <Filter>Source Files\runtime\values\types</Filter>
    </ClCompile>
    <ClCompile Include="linter\declarations\members.cpp">
      <Filter>Source Files\linter\declarations</Filter>
    </ClCompile>
    <ClCompile Include="linter\functions\stack.cpp">
      <Filter>Source Files\linter\functions</Filter>
    </ClCompile>
    <ClCompile Include="linter\context.cpp">
      <Filter>Source Files\linter\global</Filter>
    </ClCompile>
    <ClCompile Include="runtime\values\types\internal\aggregate.cpp">
      <Filter>Source Files\runtime\values\types\internal</Filter>
    </ClCompile>
    <ClCompile Include="runtime\values\types\object.cpp">
      <Filter>Source Files\runtime\values\types</Filter>
    </ClCompile>
    <ClCompile Include="runtime\expressions\rtobject.cpp">
      <Filter>Source Files\runtime\expressions</Filter>
    </ClCompile>
    <ClCompile Include="linter\expressions\operand\operand_object.cpp">
      <Filter>Source Files\linter\expressions\operand</Filter>
    </ClCompile>
    <ClCompile Include="linter\expressions\operand\operand_ternary.cpp">
      <Filter>Source Files\linter\expressions\operand</Filter>
    </ClCompile>
    <ClCompile Include="linter\expressions\operand\operand.cpp">
      <Filter>Source Files\linter\expressions\operand</Filter>
    </ClCompile>
    <ClCompile Include="linter\expressions\operand\operand_array.cpp">
      <Filter>Source Files\linter\expressions\operand</Filter>
    </ClCompile>
    <ClCompile Include="linter\expressions\operand\operand_immediate.cpp">
      <Filter>Source Files\linter\expressions\operand</Filter>
    </ClCompile>
    <ClCompile Include="linter\expressions\operand\operand_identifier.cpp">
      <Filter>Source Files\linter\expressions\operand</Filter>
    </ClCompile>
    <ClCompile Include="linter\expressions\operand\operand_expression.cpp">
      <Filter>Source Files\linter\expressions\operand</Filter>
    </ClCompile>
    <ClCompile Include="linter\expressions\operand\operand_lambda.cpp">
      <Filter>Source Files\linter\expressions\operand</Filter>
    </ClCompile>
    <ClCompile Include="runtime\values\types\array_internal\array_methods.cpp">
      <Filter>Source Files\runtime\values\types\array_internal</Filter>
    </ClCompile>
    <ClCompile Include="runtime\values\types\array_internal\array_builtin.cpp">
      <Filter>Source Files\runtime\values\types\array_internal</Filter>
    </ClCompile>
    <ClCompile Include="runtime\exceptions\exception.cpp">
      <Filter>Source Files\runtime\exceptions</Filter>
    </ClCompile>
  </ItemGroup>
  <ItemGroup>
    <ClInclude Include="fs\fs_io.hpp">
      <Filter>Source Files\fs</Filter>
    </ClInclude>
    <ClInclude Include="fs\fs_globals.hpp">
      <Filter>Source Files\fs</Filter>
    </ClInclude>
    <ClInclude Include="globalEnums.hpp">
      <Filter>Header Files</Filter>
    </ClInclude>
    <ClInclude Include="linter\expressions\postfix.hpp">
      <Filter>Source Files\linter\expressions</Filter>
    </ClInclude>
    <ClInclude Include="linter\expressions\unary.hpp">
      <Filter>Source Files\linter\expressions</Filter>
    </ClInclude>
    <ClInclude Include="linter\expressions\expression.hpp">
      <Filter>Source Files\linter\expressions</Filter>
    </ClInclude>
    <ClInclude Include="linter\expressions\definitions.hpp">
      <Filter>Source Files\linter\expressions</Filter>
    </ClInclude>
    <ClInclude Include="linter\expressions\identifier.hpp">
      <Filter>Source Files\linter\expressions</Filter>
    </ClInclude>
    <ClInclude Include="linter\expressions\operator.hpp">
      <Filter>Source Files\linter\expressions</Filter>
    </ClInclude>
    <ClInclude Include="linter\expressions\sub_expression.hpp">
      <Filter>Source Files\linter\expressions</Filter>
    </ClInclude>
    <ClInclude Include="linter\expressions\ast.hpp">
      <Filter>Source Files\linter\expressions</Filter>
    </ClInclude>
    <ClInclude Include="linter\declarations\variable_declarations.hpp">
      <Filter>Source Files\linter\declarations</Filter>
    </ClInclude>
    <ClInclude Include="globalDefinitions.hpp">
      <Filter>Header Files</Filter>
    </ClInclude>
    <ClInclude Include="runtime\structure.hpp">
      <Filter>Source Files\runtime</Filter>
    </ClInclude>
    <ClInclude Include="linter\expressions\expression_context.hpp">
      <Filter>Source Files\linter\expressions</Filter>
    </ClInclude>
    <ClInclude Include="linter\functions\function.hpp">
      <Filter>Source Files\linter\functions</Filter>
    </ClInclude>
    <ClInclude Include="linter\scopes\scope.hpp">
      <Filter>Source Files\linter\scopes</Filter>
    </ClInclude>
    <ClInclude Include="runtime\variables.hpp">
      <Filter>Source Files\runtime</Filter>
    </ClInclude>
    <ClInclude Include="runtime\runtime.hpp">
      <Filter>Source Files\runtime</Filter>
    </ClInclude>
    <ClInclude Include="runtime\functions\rtfunction.hpp">
      <Filter>Source Files\runtime\functions</Filter>
    </ClInclude>
    <ClInclude Include="runtime\pools\object_pool_non_owning.hpp">
      <Filter>Source Files\runtime\pools</Filter>
    </ClInclude>
    <ClInclude Include="runtime\expressions\rtexpression.hpp">
      <Filter>Source Files\runtime\expressions</Filter>
    </ClInclude>
    <ClInclude Include="linter\error.hpp">
      <Filter>Source Files\linter\global</Filter>
    </ClInclude>
    <ClInclude Include="linter\linter.hpp">
      <Filter>Source Files\linter\global</Filter>
    </ClInclude>
    <ClInclude Include="linter\punctuation.hpp">
      <Filter>Source Files\linter\global</Filter>
    </ClInclude>
    <ClInclude Include="linter\token.hpp">
      <Filter>Source Files\linter\global</Filter>
    </ClInclude>
    <ClInclude Include="linter\tokenizer.hpp">
      <Filter>Source Files\linter\global</Filter>
    </ClInclude>
    <ClInclude Include="runtime\pools\object_pool_owning.hpp">
      <Filter>Source Files\runtime\pools</Filter>
    </ClInclude>
    <ClInclude Include="runtime\values\simple_operators.hpp">
      <Filter>Source Files\runtime\values</Filter>
    </ClInclude>
    <ClInclude Include="runtime\values\types\double.hpp">
      <Filter>Source Files\runtime\values\types</Filter>
    </ClInclude>
    <ClInclude Include="runtime\values\types\integer.hpp">
      <Filter>Source Files\runtime\values\types</Filter>
    </ClInclude>
    <ClInclude Include="runtime\values\types\simple.hpp">
      <Filter>Source Files\runtime\values\types</Filter>
    </ClInclude>
    <ClInclude Include="runtime\values\types\types.hpp">
      <Filter>Source Files\runtime\values\types</Filter>
    </ClInclude>
    <ClInclude Include="runtime\values\types\boolean.hpp">
      <Filter>Source Files\runtime\values\types</Filter>
    </ClInclude>
    <ClInclude Include="runtime\values\coercion.hpp">
      <Filter>Source Files\runtime\values</Filter>
    </ClInclude>
    <ClInclude Include="linter\statements\while\while.hpp">
      <Filter>Source Files\linter\statements\while</Filter>
    </ClInclude>
    <ClInclude Include="linter\statements\statement.hpp">
      <Filter>Source Files\linter\statements</Filter>
    </ClInclude>
    <ClInclude Include="runtime\statements\while\rtwhile.hpp">
      <Filter>Source Files\runtime\statements\while</Filter>
    </ClInclude>
    <ClInclude Include="linter\statements\if\if.hpp">
      <Filter>Source Files\linter\statements\if</Filter>
    </ClInclude>
    <ClInclude Include="linter\statements\if\else.hpp">
      <Filter>Source Files\linter\statements\if</Filter>
    </ClInclude>
    <ClInclude Include="runtime\statements\conditional\rtconditional.hpp">
      <Filter>Source Files\runtime\statements\conditional</Filter>
    </ClInclude>
    <ClInclude Include="runtime\values\types\string.hpp">
      <Filter>Source Files\runtime\values\types</Filter>
    </ClInclude>
    <ClInclude Include="runtime\exceptions\exception.hpp">
      <Filter>Source Files\runtime\exceptions</Filter>
    </ClInclude>
    <ClInclude Include="runtime\expressions\rtpostfix.hpp">
      <Filter>Source Files\runtime\expressions</Filter>
    </ClInclude>
    <ClInclude Include="runtime\values\types\callable.hpp">
      <Filter>Source Files\runtime\values\types</Filter>
    </ClInclude>
    <ClInclude Include="linter\statements\return\return.hpp">
      <Filter>Source Files\linter\statements\return</Filter>
    </ClInclude>
    <ClInclude Include="runtime\values\types\array.hpp">
      <Filter>Source Files\runtime\values\types</Filter>
    </ClInclude>
    <ClInclude Include="linter\declarations\members.hpp">
      <Filter>Source Files\linter\declarations</Filter>
    </ClInclude>
    <ClInclude Include="linter\functions\stack.hpp">
      <Filter>Source Files\linter\functions</Filter>
    </ClInclude>
    <ClInclude Include="linter\context.hpp">
      <Filter>Source Files\linter\global</Filter>
    </ClInclude>
    <ClInclude Include="runtime\values\types\internal\aggregate.hpp">
      <Filter>Source Files\runtime\values\types\internal</Filter>
    </ClInclude>
    <ClInclude Include="runtime\values\types\object.hpp">
      <Filter>Source Files\runtime\values\types</Filter>
    </ClInclude>
    <ClInclude Include="linter\expressions\operand\operand.hpp">
      <Filter>Source Files\linter\expressions\operand</Filter>
    </ClInclude>
    <ClInclude Include="linter\expressions\operand\operand_array.hpp">
      <Filter>Source Files\linter\expressions\operand</Filter>
    </ClInclude>
    <ClInclude Include="linter\expressions\operand\operand_expression.hpp">
      <Filter>Source Files\linter\expressions\operand</Filter>
    </ClInclude>
    <ClInclude Include="linter\expressions\operand\operand_identifier.hpp">
      <Filter>Source Files\linter\expressions\operand</Filter>
    </ClInclude>
    <ClInclude Include="linter\expressions\operand\operand_immediate.hpp">
      <Filter>Source Files\linter\expressions\operand</Filter>
    </ClInclude>
    <ClInclude Include="linter\expressions\operand\operand_object.hpp">
      <Filter>Source Files\linter\expressions\operand</Filter>
    </ClInclude>
    <ClInclude Include="linter\expressions\operand\operand_ternary.hpp">
      <Filter>Source Files\linter\expressions\operand</Filter>
    </ClInclude>
    <ClInclude Include="linter\expressions\operand\operand_includes.hpp">
      <Filter>Source Files\linter\expressions\operand</Filter>
    </ClInclude>
    <ClInclude Include="linter\expressions\operand\operand_lambda.hpp">
      <Filter>Source Files\linter\expressions\operand</Filter>
    </ClInclude>
    <ClInclude Include="runtime\values\types\array_internal\array_builtin.hpp">
      <Filter>Source Files\runtime\values\types\array_internal</Filter>
    </ClInclude>
  </ItemGroup>
  <ItemGroup>
    <None Include="x64\Debug\scripts\script.var">
      <Filter>Source Files\scripts</Filter>
    </None>
  </ItemGroup>
</Project>